// !$*UTF8*$!
{
	archiveVersion = 1;
	classes = {
	};
	objectVersion = 56;
	objects = {

/* Begin PBXBuildFile section */
		00746F7E2AD8D43C00BEDB9E /* AppDelegate.swift in Sources */ = {isa = PBXBuildFile; fileRef = 00746F7D2AD8D43C00BEDB9E /* AppDelegate.swift */; };
		00746F802AD8D43C00BEDB9E /* SceneDelegate.swift in Sources */ = {isa = PBXBuildFile; fileRef = 00746F7F2AD8D43C00BEDB9E /* SceneDelegate.swift */; };
		00746F822AD8D43C00BEDB9E /* ViewController.swift in Sources */ = {isa = PBXBuildFile; fileRef = 00746F812AD8D43C00BEDB9E /* ViewController.swift */; };
		00746F852AD8D43C00BEDB9E /* Main.storyboard in Resources */ = {isa = PBXBuildFile; fileRef = 00746F832AD8D43C00BEDB9E /* Main.storyboard */; };
		00746F872AD8D43F00BEDB9E /* Assets.xcassets in Resources */ = {isa = PBXBuildFile; fileRef = 00746F862AD8D43F00BEDB9E /* Assets.xcassets */; };
		00746F8A2AD8D43F00BEDB9E /* LaunchScreen.storyboard in Resources */ = {isa = PBXBuildFile; fileRef = 00746F882AD8D43F00BEDB9E /* LaunchScreen.storyboard */; };
		00746F952AD8D43F00BEDB9E /* HammeredTests.swift in Sources */ = {isa = PBXBuildFile; fileRef = 00746F942AD8D43F00BEDB9E /* HammeredTests.swift */; };
		00746F9F2AD8D43F00BEDB9E /* HammeredUITests.swift in Sources */ = {isa = PBXBuildFile; fileRef = 00746F9E2AD8D43F00BEDB9E /* HammeredUITests.swift */; };
		00746FA12AD8D43F00BEDB9E /* HammeredUITestsLaunchTests.swift in Sources */ = {isa = PBXBuildFile; fileRef = 00746FA02AD8D43F00BEDB9E /* HammeredUITestsLaunchTests.swift */; };
/* End PBXBuildFile section */

/* Begin PBXContainerItemProxy section */
		00746F912AD8D43F00BEDB9E /* PBXContainerItemProxy */ = {
			isa = PBXContainerItemProxy;
			containerPortal = 00746F722AD8D43C00BEDB9E /* Project object */;
			proxyType = 1;
			remoteGlobalIDString = 00746F792AD8D43C00BEDB9E;
			remoteInfo = Hammered;
		};
		00746F9B2AD8D43F00BEDB9E /* PBXContainerItemProxy */ = {
			isa = PBXContainerItemProxy;
			containerPortal = 00746F722AD8D43C00BEDB9E /* Project object */;
			proxyType = 1;
			remoteGlobalIDString = 00746F792AD8D43C00BEDB9E;
			remoteInfo = Hammered;
		};
/* End PBXContainerItemProxy section */

/* Begin PBXFileReference section */
		00746F7A2AD8D43C00BEDB9E /* Hammered.app */ = {isa = PBXFileReference; explicitFileType = wrapper.application; includeInIndex = 0; path = Hammered.app; sourceTree = BUILT_PRODUCTS_DIR; };
		00746F7D2AD8D43C00BEDB9E /* AppDelegate.swift */ = {isa = PBXFileReference; lastKnownFileType = sourcecode.swift; path = AppDelegate.swift; sourceTree = "<group>"; };
		00746F7F2AD8D43C00BEDB9E /* SceneDelegate.swift */ = {isa = PBXFileReference; lastKnownFileType = sourcecode.swift; path = SceneDelegate.swift; sourceTree = "<group>"; };
		00746F812AD8D43C00BEDB9E /* ViewController.swift */ = {isa = PBXFileReference; lastKnownFileType = sourcecode.swift; path = ViewController.swift; sourceTree = "<group>"; };
		00746F842AD8D43C00BEDB9E /* Base */ = {isa = PBXFileReference; lastKnownFileType = file.storyboard; name = Base; path = Base.lproj/Main.storyboard; sourceTree = "<group>"; };
		00746F862AD8D43F00BEDB9E /* Assets.xcassets */ = {isa = PBXFileReference; lastKnownFileType = folder.assetcatalog; path = Assets.xcassets; sourceTree = "<group>"; };
		00746F892AD8D43F00BEDB9E /* Base */ = {isa = PBXFileReference; lastKnownFileType = file.storyboard; name = Base; path = Base.lproj/LaunchScreen.storyboard; sourceTree = "<group>"; };
		00746F8B2AD8D43F00BEDB9E /* Info.plist */ = {isa = PBXFileReference; lastKnownFileType = text.plist.xml; path = Info.plist; sourceTree = "<group>"; };
		00746F902AD8D43F00BEDB9E /* HammeredTests.xctest */ = {isa = PBXFileReference; explicitFileType = wrapper.cfbundle; includeInIndex = 0; path = HammeredTests.xctest; sourceTree = BUILT_PRODUCTS_DIR; };
		00746F942AD8D43F00BEDB9E /* HammeredTests.swift */ = {isa = PBXFileReference; lastKnownFileType = sourcecode.swift; path = HammeredTests.swift; sourceTree = "<group>"; };
		00746F9A2AD8D43F00BEDB9E /* HammeredUITests.xctest */ = {isa = PBXFileReference; explicitFileType = wrapper.cfbundle; includeInIndex = 0; path = HammeredUITests.xctest; sourceTree = BUILT_PRODUCTS_DIR; };
		00746F9E2AD8D43F00BEDB9E /* HammeredUITests.swift */ = {isa = PBXFileReference; lastKnownFileType = sourcecode.swift; path = HammeredUITests.swift; sourceTree = "<group>"; };
		00746FA02AD8D43F00BEDB9E /* HammeredUITestsLaunchTests.swift */ = {isa = PBXFileReference; lastKnownFileType = sourcecode.swift; path = HammeredUITestsLaunchTests.swift; sourceTree = "<group>"; };
/* End PBXFileReference section */

/* Begin PBXFrameworksBuildPhase section */
		00746F772AD8D43C00BEDB9E /* Frameworks */ = {
			isa = PBXFrameworksBuildPhase;
			buildActionMask = 2147483647;
			files = (
			);
			runOnlyForDeploymentPostprocessing = 0;
		};
		00746F8D2AD8D43F00BEDB9E /* Frameworks */ = {
			isa = PBXFrameworksBuildPhase;
			buildActionMask = 2147483647;
			files = (
			);
			runOnlyForDeploymentPostprocessing = 0;
		};
		00746F972AD8D43F00BEDB9E /* Frameworks */ = {
			isa = PBXFrameworksBuildPhase;
			buildActionMask = 2147483647;
			files = (
			);
			runOnlyForDeploymentPostprocessing = 0;
		};
/* End PBXFrameworksBuildPhase section */

/* Begin PBXGroup section */
		00746F712AD8D43C00BEDB9E = {
			isa = PBXGroup;
			children = (
				00746F7C2AD8D43C00BEDB9E /* Hammered */,
				00746F932AD8D43F00BEDB9E /* HammeredTests */,
				00746F9D2AD8D43F00BEDB9E /* HammeredUITests */,
				00746F7B2AD8D43C00BEDB9E /* Products */,
			);
			sourceTree = "<group>";
		};
		00746F7B2AD8D43C00BEDB9E /* Products */ = {
			isa = PBXGroup;
			children = (
				00746F7A2AD8D43C00BEDB9E /* Hammered.app */,
				00746F902AD8D43F00BEDB9E /* HammeredTests.xctest */,
				00746F9A2AD8D43F00BEDB9E /* HammeredUITests.xctest */,
			);
			name = Products;
			sourceTree = "<group>";
		};
		00746F7C2AD8D43C00BEDB9E /* Hammered */ = {
			isa = PBXGroup;
			children = (
				00746F7D2AD8D43C00BEDB9E /* AppDelegate.swift */,
				00746F7F2AD8D43C00BEDB9E /* SceneDelegate.swift */,
				00746F812AD8D43C00BEDB9E /* ViewController.swift */,
				00746F832AD8D43C00BEDB9E /* Main.storyboard */,
				00746F862AD8D43F00BEDB9E /* Assets.xcassets */,
				00746F882AD8D43F00BEDB9E /* LaunchScreen.storyboard */,
				00746F8B2AD8D43F00BEDB9E /* Info.plist */,
			);
			path = Hammered;
			sourceTree = "<group>";
		};
		00746F932AD8D43F00BEDB9E /* HammeredTests */ = {
			isa = PBXGroup;
			children = (
				00746F942AD8D43F00BEDB9E /* HammeredTests.swift */,
			);
			path = HammeredTests;
			sourceTree = "<group>";
		};
		00746F9D2AD8D43F00BEDB9E /* HammeredUITests */ = {
			isa = PBXGroup;
			children = (
				00746F9E2AD8D43F00BEDB9E /* HammeredUITests.swift */,
				00746FA02AD8D43F00BEDB9E /* HammeredUITestsLaunchTests.swift */,
			);
			path = HammeredUITests;
			sourceTree = "<group>";
		};
/* End PBXGroup section */

/* Begin PBXNativeTarget section */
		00746F792AD8D43C00BEDB9E /* Hammered */ = {
			isa = PBXNativeTarget;
			buildConfigurationList = 00746FA42AD8D43F00BEDB9E /* Build configuration list for PBXNativeTarget "Hammered" */;
			buildPhases = (
				00746F762AD8D43C00BEDB9E /* Sources */,
				00746F772AD8D43C00BEDB9E /* Frameworks */,
				00746F782AD8D43C00BEDB9E /* Resources */,
			);
			buildRules = (
			);
			dependencies = (
			);
			name = Hammered;
			productName = Hammered;
			productReference = 00746F7A2AD8D43C00BEDB9E /* Hammered.app */;
			productType = "com.apple.product-type.application";
		};
		00746F8F2AD8D43F00BEDB9E /* HammeredTests */ = {
			isa = PBXNativeTarget;
			buildConfigurationList = 00746FA72AD8D43F00BEDB9E /* Build configuration list for PBXNativeTarget "HammeredTests" */;
			buildPhases = (
				00746F8C2AD8D43F00BEDB9E /* Sources */,
				00746F8D2AD8D43F00BEDB9E /* Frameworks */,
				00746F8E2AD8D43F00BEDB9E /* Resources */,
			);
			buildRules = (
			);
			dependencies = (
				00746F922AD8D43F00BEDB9E /* PBXTargetDependency */,
			);
			name = HammeredTests;
			productName = HammeredTests;
			productReference = 00746F902AD8D43F00BEDB9E /* HammeredTests.xctest */;
			productType = "com.apple.product-type.bundle.unit-test";
		};
		00746F992AD8D43F00BEDB9E /* HammeredUITests */ = {
			isa = PBXNativeTarget;
			buildConfigurationList = 00746FAA2AD8D43F00BEDB9E /* Build configuration list for PBXNativeTarget "HammeredUITests" */;
			buildPhases = (
				00746F962AD8D43F00BEDB9E /* Sources */,
				00746F972AD8D43F00BEDB9E /* Frameworks */,
				00746F982AD8D43F00BEDB9E /* Resources */,
			);
			buildRules = (
			);
			dependencies = (
				00746F9C2AD8D43F00BEDB9E /* PBXTargetDependency */,
			);
			name = HammeredUITests;
			productName = HammeredUITests;
			productReference = 00746F9A2AD8D43F00BEDB9E /* HammeredUITests.xctest */;
			productType = "com.apple.product-type.bundle.ui-testing";
		};
/* End PBXNativeTarget section */

/* Begin PBXProject section */
		00746F722AD8D43C00BEDB9E /* Project object */ = {
			isa = PBXProject;
			attributes = {
				BuildIndependentTargetsInParallel = 1;
				LastSwiftUpdateCheck = 1500;
				LastUpgradeCheck = 1500;
				TargetAttributes = {
					00746F792AD8D43C00BEDB9E = {
						CreatedOnToolsVersion = 15.0;
					};
					00746F8F2AD8D43F00BEDB9E = {
						CreatedOnToolsVersion = 15.0;
						TestTargetID = 00746F792AD8D43C00BEDB9E;
					};
					00746F992AD8D43F00BEDB9E = {
						CreatedOnToolsVersion = 15.0;
						TestTargetID = 00746F792AD8D43C00BEDB9E;
					};
				};
			};
			buildConfigurationList = 00746F752AD8D43C00BEDB9E /* Build configuration list for PBXProject "Hammered" */;
			compatibilityVersion = "Xcode 14.0";
			developmentRegion = en;
			hasScannedForEncodings = 0;
			knownRegions = (
				en,
				Base,
			);
			mainGroup = 00746F712AD8D43C00BEDB9E;
			productRefGroup = 00746F7B2AD8D43C00BEDB9E /* Products */;
			projectDirPath = "";
			projectRoot = "";
			targets = (
				00746F792AD8D43C00BEDB9E /* Hammered */,
				00746F8F2AD8D43F00BEDB9E /* HammeredTests */,
				00746F992AD8D43F00BEDB9E /* HammeredUITests */,
			);
		};
/* End PBXProject section */

/* Begin PBXResourcesBuildPhase section */
		00746F782AD8D43C00BEDB9E /* Resources */ = {
			isa = PBXResourcesBuildPhase;
			buildActionMask = 2147483647;
			files = (
				00746F8A2AD8D43F00BEDB9E /* LaunchScreen.storyboard in Resources */,
				00746F872AD8D43F00BEDB9E /* Assets.xcassets in Resources */,
				00746F852AD8D43C00BEDB9E /* Main.storyboard in Resources */,
			);
			runOnlyForDeploymentPostprocessing = 0;
		};
		00746F8E2AD8D43F00BEDB9E /* Resources */ = {
			isa = PBXResourcesBuildPhase;
			buildActionMask = 2147483647;
			files = (
			);
			runOnlyForDeploymentPostprocessing = 0;
		};
		00746F982AD8D43F00BEDB9E /* Resources */ = {
			isa = PBXResourcesBuildPhase;
			buildActionMask = 2147483647;
			files = (
			);
			runOnlyForDeploymentPostprocessing = 0;
		};
/* End PBXResourcesBuildPhase section */

/* Begin PBXSourcesBuildPhase section */
		00746F762AD8D43C00BEDB9E /* Sources */ = {
			isa = PBXSourcesBuildPhase;
			buildActionMask = 2147483647;
			files = (
				00746F822AD8D43C00BEDB9E /* ViewController.swift in Sources */,
				00746F7E2AD8D43C00BEDB9E /* AppDelegate.swift in Sources */,
				00746F802AD8D43C00BEDB9E /* SceneDelegate.swift in Sources */,
			);
			runOnlyForDeploymentPostprocessing = 0;
		};
		00746F8C2AD8D43F00BEDB9E /* Sources */ = {
			isa = PBXSourcesBuildPhase;
			buildActionMask = 2147483647;
			files = (
				00746F952AD8D43F00BEDB9E /* HammeredTests.swift in Sources */,
			);
			runOnlyForDeploymentPostprocessing = 0;
		};
		00746F962AD8D43F00BEDB9E /* Sources */ = {
			isa = PBXSourcesBuildPhase;
			buildActionMask = 2147483647;
			files = (
				00746FA12AD8D43F00BEDB9E /* HammeredUITestsLaunchTests.swift in Sources */,
				00746F9F2AD8D43F00BEDB9E /* HammeredUITests.swift in Sources */,
			);
			runOnlyForDeploymentPostprocessing = 0;
		};
/* End PBXSourcesBuildPhase section */

/* Begin PBXTargetDependency section */
		00746F922AD8D43F00BEDB9E /* PBXTargetDependency */ = {
			isa = PBXTargetDependency;
			target = 00746F792AD8D43C00BEDB9E /* Hammered */;
			targetProxy = 00746F912AD8D43F00BEDB9E /* PBXContainerItemProxy */;
		};
		00746F9C2AD8D43F00BEDB9E /* PBXTargetDependency */ = {
			isa = PBXTargetDependency;
			target = 00746F792AD8D43C00BEDB9E /* Hammered */;
			targetProxy = 00746F9B2AD8D43F00BEDB9E /* PBXContainerItemProxy */;
		};
/* End PBXTargetDependency section */

/* Begin PBXVariantGroup section */
		00746F832AD8D43C00BEDB9E /* Main.storyboard */ = {
			isa = PBXVariantGroup;
			children = (
				00746F842AD8D43C00BEDB9E /* Base */,
			);
			name = Main.storyboard;
			sourceTree = "<group>";
		};
		00746F882AD8D43F00BEDB9E /* LaunchScreen.storyboard */ = {
			isa = PBXVariantGroup;
			children = (
				00746F892AD8D43F00BEDB9E /* Base */,
			);
			name = LaunchScreen.storyboard;
			sourceTree = "<group>";
		};
/* End PBXVariantGroup section */

/* Begin XCBuildConfiguration section */
		00746FA22AD8D43F00BEDB9E /* Debug */ = {
			isa = XCBuildConfiguration;
			buildSettings = {
				ALWAYS_SEARCH_USER_PATHS = NO;
				ASSETCATALOG_COMPILER_GENERATE_SWIFT_ASSET_SYMBOL_EXTENSIONS = YES;
				CLANG_ANALYZER_NONNULL = YES;
				CLANG_ANALYZER_NUMBER_OBJECT_CONVERSION = YES_AGGRESSIVE;
				CLANG_CXX_LANGUAGE_STANDARD = "gnu++20";
				CLANG_ENABLE_MODULES = YES;
				CLANG_ENABLE_OBJC_ARC = YES;
				CLANG_ENABLE_OBJC_WEAK = YES;
				CLANG_WARN_BLOCK_CAPTURE_AUTORELEASING = YES;
				CLANG_WARN_BOOL_CONVERSION = YES;
				CLANG_WARN_COMMA = YES;
				CLANG_WARN_CONSTANT_CONVERSION = YES;
				CLANG_WARN_DEPRECATED_OBJC_IMPLEMENTATIONS = YES;
				CLANG_WARN_DIRECT_OBJC_ISA_USAGE = YES_ERROR;
				CLANG_WARN_DOCUMENTATION_COMMENTS = YES;
				CLANG_WARN_EMPTY_BODY = YES;
				CLANG_WARN_ENUM_CONVERSION = YES;
				CLANG_WARN_INFINITE_RECURSION = YES;
				CLANG_WARN_INT_CONVERSION = YES;
				CLANG_WARN_NON_LITERAL_NULL_CONVERSION = YES;
				CLANG_WARN_OBJC_IMPLICIT_RETAIN_SELF = YES;
				CLANG_WARN_OBJC_LITERAL_CONVERSION = YES;
				CLANG_WARN_OBJC_ROOT_CLASS = YES_ERROR;
				CLANG_WARN_QUOTED_INCLUDE_IN_FRAMEWORK_HEADER = YES;
				CLANG_WARN_RANGE_LOOP_ANALYSIS = YES;
				CLANG_WARN_STRICT_PROTOTYPES = YES;
				CLANG_WARN_SUSPICIOUS_MOVE = YES;
				CLANG_WARN_UNGUARDED_AVAILABILITY = YES_AGGRESSIVE;
				CLANG_WARN_UNREACHABLE_CODE = YES;
				CLANG_WARN__DUPLICATE_METHOD_MATCH = YES;
				COPY_PHASE_STRIP = NO;
				DEBUG_INFORMATION_FORMAT = dwarf;
				ENABLE_STRICT_OBJC_MSGSEND = YES;
				ENABLE_TESTABILITY = YES;
				ENABLE_USER_SCRIPT_SANDBOXING = YES;
				GCC_C_LANGUAGE_STANDARD = gnu17;
				GCC_DYNAMIC_NO_PIC = NO;
				GCC_NO_COMMON_BLOCKS = YES;
				GCC_OPTIMIZATION_LEVEL = 0;
				GCC_PREPROCESSOR_DEFINITIONS = (
					"DEBUG=1",
					"$(inherited)",
				);
				GCC_WARN_64_TO_32_BIT_CONVERSION = YES;
				GCC_WARN_ABOUT_RETURN_TYPE = YES_ERROR;
				GCC_WARN_UNDECLARED_SELECTOR = YES;
				GCC_WARN_UNINITIALIZED_AUTOS = YES_AGGRESSIVE;
				GCC_WARN_UNUSED_FUNCTION = YES;
				GCC_WARN_UNUSED_VARIABLE = YES;
				IPHONEOS_DEPLOYMENT_TARGET = 16.7.1;
				LOCALIZATION_PREFERS_STRING_CATALOGS = YES;
				MTL_ENABLE_DEBUG_INFO = INCLUDE_SOURCE;
				MTL_FAST_MATH = YES;
				ONLY_ACTIVE_ARCH = YES;
				SDKROOT = iphoneos;
				SWIFT_ACTIVE_COMPILATION_CONDITIONS = "DEBUG $(inherited)";
				SWIFT_OPTIMIZATION_LEVEL = "-Onone";
			};
			name = Debug;
		};
		00746FA32AD8D43F00BEDB9E /* Release */ = {
			isa = XCBuildConfiguration;
			buildSettings = {
				ALWAYS_SEARCH_USER_PATHS = NO;
				ASSETCATALOG_COMPILER_GENERATE_SWIFT_ASSET_SYMBOL_EXTENSIONS = YES;
				CLANG_ANALYZER_NONNULL = YES;
				CLANG_ANALYZER_NUMBER_OBJECT_CONVERSION = YES_AGGRESSIVE;
				CLANG_CXX_LANGUAGE_STANDARD = "gnu++20";
				CLANG_ENABLE_MODULES = YES;
				CLANG_ENABLE_OBJC_ARC = YES;
				CLANG_ENABLE_OBJC_WEAK = YES;
				CLANG_WARN_BLOCK_CAPTURE_AUTORELEASING = YES;
				CLANG_WARN_BOOL_CONVERSION = YES;
				CLANG_WARN_COMMA = YES;
				CLANG_WARN_CONSTANT_CONVERSION = YES;
				CLANG_WARN_DEPRECATED_OBJC_IMPLEMENTATIONS = YES;
				CLANG_WARN_DIRECT_OBJC_ISA_USAGE = YES_ERROR;
				CLANG_WARN_DOCUMENTATION_COMMENTS = YES;
				CLANG_WARN_EMPTY_BODY = YES;
				CLANG_WARN_ENUM_CONVERSION = YES;
				CLANG_WARN_INFINITE_RECURSION = YES;
				CLANG_WARN_INT_CONVERSION = YES;
				CLANG_WARN_NON_LITERAL_NULL_CONVERSION = YES;
				CLANG_WARN_OBJC_IMPLICIT_RETAIN_SELF = YES;
				CLANG_WARN_OBJC_LITERAL_CONVERSION = YES;
				CLANG_WARN_OBJC_ROOT_CLASS = YES_ERROR;
				CLANG_WARN_QUOTED_INCLUDE_IN_FRAMEWORK_HEADER = YES;
				CLANG_WARN_RANGE_LOOP_ANALYSIS = YES;
				CLANG_WARN_STRICT_PROTOTYPES = YES;
				CLANG_WARN_SUSPICIOUS_MOVE = YES;
				CLANG_WARN_UNGUARDED_AVAILABILITY = YES_AGGRESSIVE;
				CLANG_WARN_UNREACHABLE_CODE = YES;
				CLANG_WARN__DUPLICATE_METHOD_MATCH = YES;
				COPY_PHASE_STRIP = NO;
				DEBUG_INFORMATION_FORMAT = "dwarf-with-dsym";
				ENABLE_NS_ASSERTIONS = NO;
				ENABLE_STRICT_OBJC_MSGSEND = YES;
				ENABLE_USER_SCRIPT_SANDBOXING = YES;
				GCC_C_LANGUAGE_STANDARD = gnu17;
				GCC_NO_COMMON_BLOCKS = YES;
				GCC_WARN_64_TO_32_BIT_CONVERSION = YES;
				GCC_WARN_ABOUT_RETURN_TYPE = YES_ERROR;
				GCC_WARN_UNDECLARED_SELECTOR = YES;
				GCC_WARN_UNINITIALIZED_AUTOS = YES_AGGRESSIVE;
				GCC_WARN_UNUSED_FUNCTION = YES;
				GCC_WARN_UNUSED_VARIABLE = YES;
				IPHONEOS_DEPLOYMENT_TARGET = 16.7.1;
				LOCALIZATION_PREFERS_STRING_CATALOGS = YES;
				MTL_ENABLE_DEBUG_INFO = NO;
				MTL_FAST_MATH = YES;
				SDKROOT = iphoneos;
				SWIFT_COMPILATION_MODE = wholemodule;
				VALIDATE_PRODUCT = YES;
			};
			name = Release;
		};
		00746FA52AD8D43F00BEDB9E /* Debug */ = {
			isa = XCBuildConfiguration;
			buildSettings = {
				ASSETCATALOG_COMPILER_APPICON_NAME = AppIcon;
				ASSETCATALOG_COMPILER_GLOBAL_ACCENT_COLOR_NAME = AccentColor;
				CODE_SIGN_STYLE = Automatic;
				CURRENT_PROJECT_VERSION = 1;
				DEVELOPMENT_TEAM = 2X37M23C2W;
				GENERATE_INFOPLIST_FILE = YES;
				INFOPLIST_FILE = Hammered/Info.plist;
				INFOPLIST_KEY_UIApplicationSupportsIndirectInputEvents = YES;
				INFOPLIST_KEY_UILaunchStoryboardName = LaunchScreen;
				INFOPLIST_KEY_UIMainStoryboardFile = Main;
				INFOPLIST_KEY_UIRequiresFullScreen = YES;
				INFOPLIST_KEY_UIStatusBarStyle = "";
				INFOPLIST_KEY_UISupportedInterfaceOrientations = "UIInterfaceOrientationLandscapeLeft UIInterfaceOrientationLandscapeRight UIInterfaceOrientationPortrait UIInterfaceOrientationPortraitUpsideDown";
				IPHONEOS_DEPLOYMENT_TARGET = 16.0;
				LD_RUNPATH_SEARCH_PATHS = (
					"$(inherited)",
					"@executable_path/Frameworks",
				);
				MARKETING_VERSION = 1.0;
				PRODUCT_BUNDLE_IDENTIFIER = Braemar.Hammered;
				PRODUCT_NAME = "$(TARGET_NAME)";
				SWIFT_EMIT_LOC_STRINGS = YES;
				SWIFT_VERSION = 5.0;
				TARGETED_DEVICE_FAMILY = "1,2";
			};
			name = Debug;
		};
		00746FA62AD8D43F00BEDB9E /* Release */ = {
			isa = XCBuildConfiguration;
			buildSettings = {
				ASSETCATALOG_COMPILER_APPICON_NAME = AppIcon;
				ASSETCATALOG_COMPILER_GLOBAL_ACCENT_COLOR_NAME = AccentColor;
				CODE_SIGN_STYLE = Automatic;
				CURRENT_PROJECT_VERSION = 1;
				DEVELOPMENT_TEAM = 2X37M23C2W;
				GENERATE_INFOPLIST_FILE = YES;
				INFOPLIST_FILE = Hammered/Info.plist;
				INFOPLIST_KEY_UIApplicationSupportsIndirectInputEvents = YES;
				INFOPLIST_KEY_UILaunchStoryboardName = LaunchScreen;
				INFOPLIST_KEY_UIMainStoryboardFile = Main;
				INFOPLIST_KEY_UIRequiresFullScreen = YES;
				INFOPLIST_KEY_UIStatusBarStyle = "";
				INFOPLIST_KEY_UISupportedInterfaceOrientations = "UIInterfaceOrientationLandscapeLeft UIInterfaceOrientationLandscapeRight UIInterfaceOrientationPortrait UIInterfaceOrientationPortraitUpsideDown";
				IPHONEOS_DEPLOYMENT_TARGET = 16.0;
				LD_RUNPATH_SEARCH_PATHS = (
					"$(inherited)",
					"@executable_path/Frameworks",
				);
				MARKETING_VERSION = 1.0;
				PRODUCT_BUNDLE_IDENTIFIER = Braemar.Hammered;
				PRODUCT_NAME = "$(TARGET_NAME)";
				SWIFT_EMIT_LOC_STRINGS = YES;
				SWIFT_VERSION = 5.0;
				TARGETED_DEVICE_FAMILY = "1,2";
			};
			name = Release;
		};
		00746FA82AD8D43F00BEDB9E /* Debug */ = {
			isa = XCBuildConfiguration;
			buildSettings = {
				ALWAYS_EMBED_SWIFT_STANDARD_LIBRARIES = YES;
				BUNDLE_LOADER = "$(TEST_HOST)";
				CODE_SIGN_STYLE = Automatic;
				CURRENT_PROJECT_VERSION = 1;
				GENERATE_INFOPLIST_FILE = YES;
				IPHONEOS_DEPLOYMENT_TARGET = 16.0;
				MARKETING_VERSION = 1.0;
				PRODUCT_BUNDLE_IDENTIFIER = Braemar.HammeredTests;
				PRODUCT_NAME = "$(TARGET_NAME)";
				SWIFT_EMIT_LOC_STRINGS = NO;
				SWIFT_VERSION = 5.0;
				TARGETED_DEVICE_FAMILY = "1,2";
				TEST_HOST = "$(BUILT_PRODUCTS_DIR)/Hammered.app/$(BUNDLE_EXECUTABLE_FOLDER_PATH)/Hammered";
			};
			name = Debug;
		};
		00746FA92AD8D43F00BEDB9E /* Release */ = {
			isa = XCBuildConfiguration;
			buildSettings = {
				ALWAYS_EMBED_SWIFT_STANDARD_LIBRARIES = YES;
				BUNDLE_LOADER = "$(TEST_HOST)";
				CODE_SIGN_STYLE = Automatic;
				CURRENT_PROJECT_VERSION = 1;
				GENERATE_INFOPLIST_FILE = YES;
				IPHONEOS_DEPLOYMENT_TARGET = 16.0;
				MARKETING_VERSION = 1.0;
				PRODUCT_BUNDLE_IDENTIFIER = Braemar.HammeredTests;
				PRODUCT_NAME = "$(TARGET_NAME)";
				SWIFT_EMIT_LOC_STRINGS = NO;
				SWIFT_VERSION = 5.0;
				TARGETED_DEVICE_FAMILY = "1,2";
				TEST_HOST = "$(BUILT_PRODUCTS_DIR)/Hammered.app/$(BUNDLE_EXECUTABLE_FOLDER_PATH)/Hammered";
			};
			name = Release;
		};
		00746FAB2AD8D43F00BEDB9E /* Debug */ = {
			isa = XCBuildConfiguration;
			buildSettings = {
				ALWAYS_EMBED_SWIFT_STANDARD_LIBRARIES = YES;
				CODE_SIGN_STYLE = Automatic;
				CURRENT_PROJECT_VERSION = 1;
				GENERATE_INFOPLIST_FILE = YES;
				IPHONEOS_DEPLOYMENT_TARGET = 16;
				MARKETING_VERSION = 1.0;
				PRODUCT_BUNDLE_IDENTIFIER = Braemar.HammeredUITests;
				PRODUCT_NAME = "$(TARGET_NAME)";
				SWIFT_EMIT_LOC_STRINGS = NO;
				SWIFT_VERSION = 5.0;
				TARGETED_DEVICE_FAMILY = "1,2";
				TEST_TARGET_NAME = Hammered;
			};
			name = Debug;
		};
		00746FAC2AD8D43F00BEDB9E /* Release */ = {
			isa = XCBuildConfiguration;
			buildSettings = {
				ALWAYS_EMBED_SWIFT_STANDARD_LIBRARIES = YES;
				CODE_SIGN_STYLE = Automatic;
				CURRENT_PROJECT_VERSION = 1;
				GENERATE_INFOPLIST_FILE = YES;
				IPHONEOS_DEPLOYMENT_TARGET = 16;
				MARKETING_VERSION = 1.0;
				PRODUCT_BUNDLE_IDENTIFIER = Braemar.HammeredUITests;
				PRODUCT_NAME = "$(TARGET_NAME)";
				SWIFT_EMIT_LOC_STRINGS = NO;
				SWIFT_VERSION = 5.0;
				TARGETED_DEVICE_FAMILY = "1,2";
				TEST_TARGET_NAME = Hammered;
			};
			name = Release;
		};
/* End XCBuildConfiguration section */

/* Begin XCConfigurationList section */
		00746F752AD8D43C00BEDB9E /* Build configuration list for PBXProject "Hammered" */ = {
			isa = XCConfigurationList;
			buildConfigurations = (
				00746FA22AD8D43F00BEDB9E /* Debug */,
				00746FA32AD8D43F00BEDB9E /* Release */,
			);
			defaultConfigurationIsVisible = 0;
			defaultConfigurationName = Release;
		};
		00746FA42AD8D43F00BEDB9E /* Build configuration list for PBXNativeTarget "Hammered" */ = {
			isa = XCConfigurationList;
			buildConfigurations = (
				00746FA52AD8D43F00BEDB9E /* Debug */,
				00746FA62AD8D43F00BEDB9E /* Release */,
			);
			defaultConfigurationIsVisible = 0;
			defaultConfigurationName = Release;
		};
		00746FA72AD8D43F00BEDB9E /* Build configuration list for PBXNativeTarget "HammeredTests" */ = {
			isa = XCConfigurationList;
			buildConfigurations = (
				00746FA82AD8D43F00BEDB9E /* Debug */,
				00746FA92AD8D43F00BEDB9E /* Release */,
			);
			defaultConfigurationIsVisible = 0;
			defaultConfigurationName = Release;
		};
		00746FAA2AD8D43F00BEDB9E /* Build configuration list for PBXNativeTarget "HammeredUITests" */ = {
			isa = XCConfigurationList;
			buildConfigurations = (
				00746FAB2AD8D43F00BEDB9E /* Debug */,
				00746FAC2AD8D43F00BEDB9E /* Release */,
			);
			defaultConfigurationIsVisible = 0;
			defaultConfigurationName = Release;
		};
/* End XCConfigurationList section */
	};
	rootObject = 00746F722AD8D43C00BEDB9E /* Project object */;
}
